github.com/chzyer/logex v1.1.10/go.mod h1:+Ywpsq7O8HXn0nuIou7OrIPyXbp3wmkHB+jjWRnGsAI=
github.com/chzyer/test v0.0.0-20180213035817-a1ea475d72b1/go.mod h1:Q3SI9o4m/ZMnBNeIyt5eFwwo7qiLfzFZmjNmxjkiQlU=
github.com/davecgh/go-spew v1.1.0/go.mod h1:J7Y8YcW2NihsgmVo/mv3lAwl/skON4iLHjSsI+c5H38=
github.com/fatih/structtag v1.2.0 h1:/OdNE99OxoI/PqaW/SuSK9uxxT3f/tcSZgon/ssNSx4=
github.com/fatih/structtag v1.2.0/go.mod h1:mBJUNpUnHmRKrKlQQlmCrh5PuhftFbNv8Ys4/aAZl94=
github.com/kylelemons/godebug v1.1.0 h1:RPNrshWIDI6G2gRW9EHilWtl7Z6Sb1BR0xunSBf0SNc=
github.com/kylelemons/godebug v1.1.0/go.mod h1:9/0rRGxNHcop5bhtWyNeEfOS8JIWk580+fNqagV/RAw=
github.com/mattn/go-colorable v0.1.1/go.mod h1:FuOcm+DKB9mbwrcAfNl7/TZVBZ6rcnceauSikq3lYCQ=
github.com/mattn/go-colorable v0.1.12 h1:jF+Du6AlPIjs2BiUiQlKOX0rt3SujHxPnksPKZbaA40=
github.com/mattn/go-colorable v0.1.12/go.mod h1:u5H1YNBxpqRaxsYJYSkiCWKzEfiAb1Gb520KVy5xxl4=
github.com/mattn/go-isatty v0.0.5/go.mod h1:Iq45c/XA43vh69/j3iqttzPXn0bhXyGjM0Hdxcsrc5s=
github.com/mattn/go-isatty v0.0.14 h1:yVuAays6BHfxijgZPzw+3Zlu5yQgKGP2/hcQbHb7S9Y=
github.com/mattn/go-isatty v0.0.14/go.mod h1:7GGIvUiUoEMVVmxf/4nioHXj79iQHKdU27kJ6hsGG94=
github.com/mgutz/ansi v0.0.0-20170206155736-9520e82c474b/go.mod h1:01TrycV0kFyexm33Z7vhZRXopbI8J3TDReVlkTgMUxE=
github.com/mitchellh/go-homedir v1.1.0 h1:lukF9ziXFxDFPkA1vsr5zpc1XuPDn/wFntq5mG+4E0Y=
github.com/mitchellh/go-homedir v1.1.0/go.mod h1:SfyaCUpYCn1Vlf4IUYiD9fPX4A5wJrkLzIz1N1q0pr0=
github.com/pmezard/go-difflib v1.0.0/go.mod h1:iKH77koFhYxTK1pcRnkKkqfTogsbg7gZNVY4sRDYZ/4=
github.com/pschlump/MiscLib v0.0.0-20171012162159-e4e6a3a34d5f/go.mod h1:5xTdUkCWL2ER+MgvBAgx7ShwN7ZPUY1RMqT3vnFjCdg=
github.com/pschlump/MiscLib v1.0.1/go.mod h1:33BegrXglROGxpDvBSciKSCc1oEKj6oRgJWD5ZEX+ZI=
github.com/pschlump/MiscLib v1.0.3 h1:2F7ZUkWJhBTIM7XaGb8L0bzO1l7jXi/lVFTRWXpElac=
github.com/pschlump/MiscLib v1.0.3/go.mod h1:kNxJuPVgvnv69Yt9Dr6eQgShL4kK7elSA1Nz3/G2eBg=
github.com/pschlump/ansi v1.0.1 h1:NR7hBOgTV/shQwzwLmk4X/bVoUzvyIrwlB5k8wWnl7A=
github.com/pschlump/ansi v1.0.1/go.mod h1:dwr2CQhjyMjSNA9wpCOux2+MhQiqoelfvBKkTYNBNuA=
github.com/pschlump/dbgo v1.0.3 h1:YW+124ccToMXECiZ6RpBUC4yj3Kr6qL30Z0gEiHDykI=
github.com/pschlump/dbgo v1.0.3/go.mod h1:331fyL7CL32ataZ1K/tQk5t1anNj58QXt5kTe0PwmkI=
github.com/pschlump/filelib v1.0.6 h1:KJdAoE+5ovlpHrfs4CTGJDXmHCEyGK+sx3CKmBajgDw=
github.com/pschlump/filelib v1.0.6/go.mod h1:CxEa7t6Y1lukm2ar5iMbm1imu8fN4V52tgrWtXUqd1g=
github.com/pschlump/godebug v0.0.0-20190221170503-8c05f846059a/go.mod h1:LcS3H2JkmKvbm+SHqvxV4YgOhxuysSpsKhoEOM96Izs=
github.com/pschlump/godebug v1.0.4 h1:X37zf4qXgsQhT4mceDet768mAimjxFDpsis7zEl8A80=
github.com/pschlump/godebug v1.0.4/go.mod h1:0g877qgD7yUdH5NUqp6hg/QTvR0LLIBGpuk7FeUlmWE=
github.com/pschlump/json v0.0.0-20180316172947-0d2e6a308e08/go.mod h1:MyeKNxcsYS/AaCqIp6DgPdaE/4NVH49OJVCnQsRoevI=
github.com/pschlump/json v1.12.0 h1:PjkeVEgEUg+vkHC8CfeXIG4fChev3a7gjl9wYrTnPIE=
github.com/pschlump/json v1.12.0/go.mod h1:MyeKNxcsYS/AaCqIp6DgPdaE/4NVH49OJVCnQsRoevI=
github.com/pschlump/json5 v1.0.0 h1:q0a4A7IxGjjIZtadQSc9A2mjtcDliiq9URz5OpXfY4s=
github.com/pschlump/json5 v1.0.0/go.mod h1:RB/C8FaxSTWCqx9YosuDkgMOCNg8ukyEM8ncKms/+Kk=
github.com/pschlump/jsonSyntaxErrorLib v1.0.1 h1:Tfc5nLlmyOfJc0Xtk70CU4F4q/AaAvnxK31+rWGUeLo=
github.com/pschlump/jsonSyntaxErrorLib v1.0.1/go.mod h1:n13lHtoalG+X635RmkFZJQtlLN8qlP775ukxGtylXbk=
github.com/robertkrimen/otto v0.0.0-20211024170158-b87d35c0b86f h1:a7clxaGmmqtdNTXyvrp/lVO/Gnkzlhc/+dLs5v965GM=
github.com/robertkrimen/otto v0.0.0-20211024170158-b87d35c0b86f/go.mod h1:/mK7FZ3mFYEn9zvNPhpngTyatyehSwte5bJZ4ehL5Xw=
github.com/stretchr/objx v0.1.0/go.mod h1:HFkY916IF+rwdDfMAkV7OtwuqBVzrE8GR6GFx+wExME=
github.com/stretchr/testify v1.7.0/go.mod h1:6Fq8oRcR53rry900zMqJjRRixrwX3KX962/h/Wwjteg=
golang.org/x/sys v0.0.0-20190222072716-a9d3bda3a223/go.mod h1:STP8DvDyc/dI5b8T5hshtkjS+E42TnysNCUPdjciGhY=
golang.org/x/sys v0.0.0-20210630005230-0f9fa26af87c/go.mod h1:oPkhp1MJrh7nUepCBck5+mAzfO9JrbApNNgaTdGDITg=
golang.org/x/sys v0.0.0-20210927094055-39ccf1dd6fa6 h1:foEbQz/B0Oz6YIqu/69kfXPYeFQAuuMYFkjaqXzl5Wo=
golang.org/x/sys v0.0.0-20210927094055-39ccf1dd6fa6/go.mod h1:oPkhp1MJrh7nUepCBck5+mAzfO9JrbApNNgaTdGDITg=
gopkg.in/check.v1 v0.0.0-20161208181325-20d25e280405/go.mod h1:Co6ibVJAznAaIkqp8huTwlJQCZ016jof/cbN4VW5Yz0=
gopkg.in/readline.v1 v1.0.0-20160726135117-62c6fe619375/go.mod h1:lNEQeAhU009zbRxng+XOj5ITVgY24WcbNnQopyfKoYQ=
gopkg.in/sourcemap.v1 v1.0.5 h1:inv58fC9f9J3TK2Y2R1NPntXEn3/wjWHkonhIUODNTI=
gopkg.in/sourcemap.v1 v1.0.5/go.mod h1:2RlvNNSMglmRrcvhfuzp4hQHwOtjxlbjX7UPY/GXb78=
gopkg.in/yaml.v3 v3.0.0-20200313102051-9f266ea9e77c/go.mod h1:K4uyk7z7BCEPqu6E+C64Yfv1cQ7kz7rIZviUmN+EgEM=
